
Microsoft Visual Studio Solution File, Format Version 12.00
# Visual Studio Version 17
VisualStudioVersion = 17.3.32929.385
MinimumVisualStudioVersion = 10.0.40219.1
Project("{FAE04EC0-301F-11D3-BF4B-00C04F79EFBC}") = "Linked_List", "Linked_List\Linked_List.csproj", "{47020661-F1D6-44C1-AF80-321A9C6FE5FE}"
EndProject
Global
	GlobalSection(SolutionConfigurationPlatforms) = preSolution
		Debug|Any CPU = Debug|Any CPU
		Release|Any CPU = Release|Any CPU
	EndGlobalSection
	GlobalSection(ProjectConfigurationPlatforms) = postSolution
		{47020661-F1D6-44C1-AF80-321A9C6FE5FE}.Debug|Any CPU.ActiveCfg = Debug|Any CPU
		{47020661-F1D6-44C1-AF80-321A9C6FE5FE}.Debug|Any CPU.Build.0 = Debug|Any CPU
		{47020661-F1D6-44C1-AF80-321A9C6FE5FE}.Release|Any CPU.ActiveCfg = Release|Any CPU
		{47020661-F1D6-44C1-AF80-321A9C6FE5FE}.Release|Any CPU.Build.0 = Release|Any CPU
	EndGlobalSection
	GlobalSection(SolutionProperties) = preSolution
		HideSolutionNode = FALSE
	EndGlobalSection
	GlobalSection(ExtensibilityGlobals) = postSolution
		SolutionGuid = {E1BF3604-5186-4A79-8C81-5557FECFB4E0}
	EndGlobalSection
EndGlobal
